
Microsoft Visual Studio Solution File, Format Version 12.00
# Visual Studio Version 17
VisualStudioVersion = 17.11.35222.181
MinimumVisualStudioVersion = 10.0.40219.1
Project("{9A19103F-16F7-4668-BE54-9A1E7A4F7556}") = "p16Transaction", "Project\p16Transaction.csproj", "{84191F04-36BF-4478-B4E2-94FE04392FAC}"
EndProject
Global
	GlobalSection(SolutionConfigurationPlatforms) = preSolution
		Debug|Any CPU = Debug|Any CPU
		Release|Any CPU = Release|Any CPU
	EndGlobalSection
	GlobalSection(ProjectConfigurationPlatforms) = postSolution
		{84191F04-36BF-4478-B4E2-94FE04392FAC}.Debug|Any CPU.ActiveCfg = Debug|Any CPU
		{84191F04-36BF-4478-B4E2-94FE04392FAC}.Debug|Any CPU.Build.0 = Debug|Any CPU
		{84191F04-36BF-4478-B4E2-94FE04392FAC}.Release|Any CPU.ActiveCfg = Release|Any CPU
		{84191F04-36BF-4478-B4E2-94FE04392FAC}.Release|Any CPU.Build.0 = Release|Any CPU
	EndGlobalSection
	GlobalSection(SolutionProperties) = preSolution
		HideSolutionNode = FALSE
	EndGlobalSection
	GlobalSection(ExtensibilityGlobals) = postSolution
		SolutionGuid = {E497A853-C88B-4F17-98A5-2F1ACFEE9763}
	EndGlobalSection
EndGlobal
